// !$*UTF8*$!
{
	archiveVersion = 1;
	classes = {
	};
	objectVersion = 50;
	objects = {

/* Begin PBXBuildFile section */
		E1D4EDCE20EFC56E0030EAB7 /* AppDelegate.swift in Sources */ = {isa = PBXBuildFile; fileRef = E1D4EDCD20EFC56E0030EAB7 /* AppDelegate.swift */; };
		E1D4EDD020EFC56E0030EAB7 /* TopViewController.swift in Sources */ = {isa = PBXBuildFile; fileRef = E1D4EDCF20EFC56E0030EAB7 /* TopViewController.swift */; };
		E1D4EDD320EFC56E0030EAB7 /* Main.storyboard in Resources */ = {isa = PBXBuildFile; fileRef = E1D4EDD120EFC56E0030EAB7 /* Main.storyboard */; };
		E1D4EDD520EFC5720030EAB7 /* Assets.xcassets in Resources */ = {isa = PBXBuildFile; fileRef = E1D4EDD420EFC5720030EAB7 /* Assets.xcassets */; };
		E1D4EDD820EFC5720030EAB7 /* LaunchScreen.storyboard in Resources */ = {isa = PBXBuildFile; fileRef = E1D4EDD620EFC5720030EAB7 /* LaunchScreen.storyboard */; };
		E1D4EDE320EFC5730030EAB7 /* PageView_with_ContainerUITests.swift in Sources */ = {isa = PBXBuildFile; fileRef = E1D4EDE220EFC5730030EAB7 /* PageView_with_ContainerUITests.swift */; };
		E1D4EDEE20EFD3BC0030EAB7 /* ContainerViewController.swift in Sources */ = {isa = PBXBuildFile; fileRef = E1D4EDED20EFD3BC0030EAB7 /* ContainerViewController.swift */; };
		E1D4EDF020F068130030EAB7 /* DeviceSize.swift in Sources */ = {isa = PBXBuildFile; fileRef = E1D4EDEF20F068130030EAB7 /* DeviceSize.swift */; };
		E1D4EDF120F068130030EAB7 /* DeviceSize.swift in Sources */ = {isa = PBXBuildFile; fileRef = E1D4EDEF20F068130030EAB7 /* DeviceSize.swift */; };
		E1D4EDF320F06D4A0030EAB7 /* LoadingViewController.swift in Sources */ = {isa = PBXBuildFile; fileRef = E1D4EDF220F06D4A0030EAB7 /* LoadingViewController.swift */; };
		E1D4EDF420F06D4A0030EAB7 /* LoadingViewController.swift in Sources */ = {isa = PBXBuildFile; fileRef = E1D4EDF220F06D4A0030EAB7 /* LoadingViewController.swift */; };
		E1D4EDF620F06EC30030EAB7 /* Identiable.swift in Sources */ = {isa = PBXBuildFile; fileRef = E1D4EDF520F06EC30030EAB7 /* Identiable.swift */; };
		E1D4EDF720F06EC30030EAB7 /* Identiable.swift in Sources */ = {isa = PBXBuildFile; fileRef = E1D4EDF520F06EC30030EAB7 /* Identiable.swift */; };
		E1D4EDF920F070E60030EAB7 /* UIViewControllerExtension.swift in Sources */ = {isa = PBXBuildFile; fileRef = E1D4EDF820F070E60030EAB7 /* UIViewControllerExtension.swift */; };
		E1D4EDFA20F070E60030EAB7 /* UIViewControllerExtension.swift in Sources */ = {isa = PBXBuildFile; fileRef = E1D4EDF820F070E60030EAB7 /* UIViewControllerExtension.swift */; };
/* End PBXBuildFile section */

/* Begin PBXContainerItemProxy section */
		E1D4EDDF20EFC5730030EAB7 /* PBXContainerItemProxy */ = {
			isa = PBXContainerItemProxy;
			containerPortal = E1D4EDC220EFC56E0030EAB7 /* Project object */;
			proxyType = 1;
			remoteGlobalIDString = E1D4EDC920EFC56E0030EAB7;
			remoteInfo = "PageView-with-Container";
		};
/* End PBXContainerItemProxy section */

/* Begin PBXFileReference section */
		E1D4EDCA20EFC56E0030EAB7 /* PageView-with-Container.app */ = {isa = PBXFileReference; explicitFileType = wrapper.application; includeInIndex = 0; path = "PageView-with-Container.app"; sourceTree = BUILT_PRODUCTS_DIR; };
		E1D4EDCD20EFC56E0030EAB7 /* AppDelegate.swift */ = {isa = PBXFileReference; lastKnownFileType = sourcecode.swift; path = AppDelegate.swift; sourceTree = "<group>"; };
		E1D4EDCF20EFC56E0030EAB7 /* TopViewController.swift */ = {isa = PBXFileReference; lastKnownFileType = sourcecode.swift; path = TopViewController.swift; sourceTree = "<group>"; };
		E1D4EDD220EFC56E0030EAB7 /* Base */ = {isa = PBXFileReference; lastKnownFileType = file.storyboard; name = Base; path = Base.lproj/Main.storyboard; sourceTree = "<group>"; };
		E1D4EDD420EFC5720030EAB7 /* Assets.xcassets */ = {isa = PBXFileReference; lastKnownFileType = folder.assetcatalog; path = Assets.xcassets; sourceTree = "<group>"; };
		E1D4EDD720EFC5720030EAB7 /* Base */ = {isa = PBXFileReference; lastKnownFileType = file.storyboard; name = Base; path = Base.lproj/LaunchScreen.storyboard; sourceTree = "<group>"; };
		E1D4EDD920EFC5720030EAB7 /* Info.plist */ = {isa = PBXFileReference; lastKnownFileType = text.plist.xml; path = Info.plist; sourceTree = "<group>"; };
		E1D4EDDE20EFC5730030EAB7 /* PageView-with-ContainerUITests.xctest */ = {isa = PBXFileReference; explicitFileType = wrapper.cfbundle; includeInIndex = 0; path = "PageView-with-ContainerUITests.xctest"; sourceTree = BUILT_PRODUCTS_DIR; };
		E1D4EDE220EFC5730030EAB7 /* PageView_with_ContainerUITests.swift */ = {isa = PBXFileReference; lastKnownFileType = sourcecode.swift; path = PageView_with_ContainerUITests.swift; sourceTree = "<group>"; };
		E1D4EDE420EFC5730030EAB7 /* Info.plist */ = {isa = PBXFileReference; lastKnownFileType = text.plist.xml; path = Info.plist; sourceTree = "<group>"; };
		E1D4EDED20EFD3BC0030EAB7 /* ContainerViewController.swift */ = {isa = PBXFileReference; lastKnownFileType = sourcecode.swift; path = ContainerViewController.swift; sourceTree = "<group>"; };
		E1D4EDEF20F068130030EAB7 /* DeviceSize.swift */ = {isa = PBXFileReference; lastKnownFileType = sourcecode.swift; path = DeviceSize.swift; sourceTree = "<group>"; };
		E1D4EDF220F06D4A0030EAB7 /* LoadingViewController.swift */ = {isa = PBXFileReference; lastKnownFileType = sourcecode.swift; path = LoadingViewController.swift; sourceTree = "<group>"; };
		E1D4EDF520F06EC30030EAB7 /* Identiable.swift */ = {isa = PBXFileReference; lastKnownFileType = sourcecode.swift; path = Identiable.swift; sourceTree = "<group>"; };
		E1D4EDF820F070E60030EAB7 /* UIViewControllerExtension.swift */ = {isa = PBXFileReference; lastKnownFileType = sourcecode.swift; path = UIViewControllerExtension.swift; sourceTree = "<group>"; };
/* End PBXFileReference section */

/* Begin PBXFrameworksBuildPhase section */
		E1D4EDC720EFC56E0030EAB7 /* Frameworks */ = {
			isa = PBXFrameworksBuildPhase;
			buildActionMask = 2147483647;
			files = (
			);
			runOnlyForDeploymentPostprocessing = 0;
		};
		E1D4EDDB20EFC5730030EAB7 /* Frameworks */ = {
			isa = PBXFrameworksBuildPhase;
			buildActionMask = 2147483647;
			files = (
			);
			runOnlyForDeploymentPostprocessing = 0;
		};
/* End PBXFrameworksBuildPhase section */

/* Begin PBXGroup section */
		E1D4EDC120EFC56E0030EAB7 = {
			isa = PBXGroup;
			children = (
				E1D4EDCC20EFC56E0030EAB7 /* PageView-with-Container */,
				E1D4EDE120EFC5730030EAB7 /* PageView-with-ContainerUITests */,
				E1D4EDCB20EFC56E0030EAB7 /* Products */,
			);
			sourceTree = "<group>";
		};
		E1D4EDCB20EFC56E0030EAB7 /* Products */ = {
			isa = PBXGroup;
			children = (
				E1D4EDCA20EFC56E0030EAB7 /* PageView-with-Container.app */,
				E1D4EDDE20EFC5730030EAB7 /* PageView-with-ContainerUITests.xctest */,
			);
			name = Products;
			sourceTree = "<group>";
		};
		E1D4EDCC20EFC56E0030EAB7 /* PageView-with-Container */ = {
			isa = PBXGroup;
			children = (
				E1D4EDFC20F112ED0030EAB7 /* Commons */,
				E1D4EDCD20EFC56E0030EAB7 /* AppDelegate.swift */,
				E1D4EDCF20EFC56E0030EAB7 /* TopViewController.swift */,
				E1D4EDED20EFD3BC0030EAB7 /* ContainerViewController.swift */,
				E1D4EDD120EFC56E0030EAB7 /* Main.storyboard */,
				E1D4EDD420EFC5720030EAB7 /* Assets.xcassets */,
				E1D4EDD620EFC5720030EAB7 /* LaunchScreen.storyboard */,
				E1D4EDD920EFC5720030EAB7 /* Info.plist */,
				E1D4EDEF20F068130030EAB7 /* DeviceSize.swift */,
				E1D4EDF220F06D4A0030EAB7 /* LoadingViewController.swift */,
				E1D4EDF520F06EC30030EAB7 /* Identiable.swift */,
				E1D4EDF820F070E60030EAB7 /* UIViewControllerExtension.swift */,
			);
			path = "PageView-with-Container";
			sourceTree = "<group>";
		};
		E1D4EDE120EFC5730030EAB7 /* PageView-with-ContainerUITests */ = {
			isa = PBXGroup;
			children = (
				E1D4EDE220EFC5730030EAB7 /* PageView_with_ContainerUITests.swift */,
				E1D4EDE420EFC5730030EAB7 /* Info.plist */,
			);
			path = "PageView-with-ContainerUITests";
			sourceTree = "<group>";
		};
		E1D4EDFC20F112ED0030EAB7 /* Commons */ = {
			isa = PBXGroup;
			children = (
			);
			path = Commons;
			sourceTree = "<group>";
		};
/* End PBXGroup section */

/* Begin PBXNativeTarget section */
		E1D4EDC920EFC56E0030EAB7 /* PageView-with-Container */ = {
			isa = PBXNativeTarget;
			buildConfigurationList = E1D4EDE720EFC5730030EAB7 /* Build configuration list for PBXNativeTarget "PageView-with-Container" */;
			buildPhases = (
				E1D4EDC620EFC56E0030EAB7 /* Sources */,
				E1D4EDC720EFC56E0030EAB7 /* Frameworks */,
				E1D4EDC820EFC56E0030EAB7 /* Resources */,
			);
			buildRules = (
			);
			dependencies = (
			);
			name = "PageView-with-Container";
			productName = "PageView-with-Container";
			productReference = E1D4EDCA20EFC56E0030EAB7 /* PageView-with-Container.app */;
			productType = "com.apple.product-type.application";
		};
		E1D4EDDD20EFC5730030EAB7 /* PageView-with-ContainerUITests */ = {
			isa = PBXNativeTarget;
			buildConfigurationList = E1D4EDEA20EFC5730030EAB7 /* Build configuration list for PBXNativeTarget "PageView-with-ContainerUITests" */;
			buildPhases = (
				E1D4EDDA20EFC5730030EAB7 /* Sources */,
				E1D4EDDB20EFC5730030EAB7 /* Frameworks */,
				E1D4EDDC20EFC5730030EAB7 /* Resources */,
			);
			buildRules = (
			);
			dependencies = (
				E1D4EDE020EFC5730030EAB7 /* PBXTargetDependency */,
			);
			name = "PageView-with-ContainerUITests";
			productName = "PageView-with-ContainerUITests";
			productReference = E1D4EDDE20EFC5730030EAB7 /* PageView-with-ContainerUITests.xctest */;
			productType = "com.apple.product-type.bundle.ui-testing";
		};
/* End PBXNativeTarget section */

/* Begin PBXProject section */
		E1D4EDC220EFC56E0030EAB7 /* Project object */ = {
			isa = PBXProject;
			attributes = {
				LastSwiftUpdateCheck = 0940;
				LastUpgradeCheck = 0940;
				ORGANIZATIONNAME = Takumi;
				TargetAttributes = {
					E1D4EDC920EFC56E0030EAB7 = {
						CreatedOnToolsVersion = 9.4.1;
					};
					E1D4EDDD20EFC5730030EAB7 = {
						CreatedOnToolsVersion = 9.4.1;
						TestTargetID = E1D4EDC920EFC56E0030EAB7;
					};
				};
			};
			buildConfigurationList = E1D4EDC520EFC56E0030EAB7 /* Build configuration list for PBXProject "PageView-with-Container" */;
			compatibilityVersion = "Xcode 9.3";
			developmentRegion = en;
			hasScannedForEncodings = 0;
			knownRegions = (
				en,
				Base,
			);
			mainGroup = E1D4EDC120EFC56E0030EAB7;
			productRefGroup = E1D4EDCB20EFC56E0030EAB7 /* Products */;
			projectDirPath = "";
			projectRoot = "";
			targets = (
				E1D4EDC920EFC56E0030EAB7 /* PageView-with-Container */,
				E1D4EDDD20EFC5730030EAB7 /* PageView-with-ContainerUITests */,
			);
		};
/* End PBXProject section */

/* Begin PBXResourcesBuildPhase section */
		E1D4EDC820EFC56E0030EAB7 /* Resources */ = {
			isa = PBXResourcesBuildPhase;
			buildActionMask = 2147483647;
			files = (
				E1D4EDD820EFC5720030EAB7 /* LaunchScreen.storyboard in Resources */,
				E1D4EDD520EFC5720030EAB7 /* Assets.xcassets in Resources */,
				E1D4EDD320EFC56E0030EAB7 /* Main.storyboard in Resources */,
			);
			runOnlyForDeploymentPostprocessing = 0;
		};
		E1D4EDDC20EFC5730030EAB7 /* Resources */ = {
			isa = PBXResourcesBuildPhase;
			buildActionMask = 2147483647;
			files = (
			);
			runOnlyForDeploymentPostprocessing = 0;
		};
/* End PBXResourcesBuildPhase section */

/* Begin PBXSourcesBuildPhase section */
		E1D4EDC620EFC56E0030EAB7 /* Sources */ = {
			isa = PBXSourcesBuildPhase;
			buildActionMask = 2147483647;
			files = (
				E1D4EDF620F06EC30030EAB7 /* Identiable.swift in Sources */,
				E1D4EDD020EFC56E0030EAB7 /* TopViewController.swift in Sources */,
				E1D4EDEE20EFD3BC0030EAB7 /* ContainerViewController.swift in Sources */,
				E1D4EDF320F06D4A0030EAB7 /* LoadingViewController.swift in Sources */,
				E1D4EDF020F068130030EAB7 /* DeviceSize.swift in Sources */,
				E1D4EDF920F070E60030EAB7 /* UIViewControllerExtension.swift in Sources */,
				E1D4EDCE20EFC56E0030EAB7 /* AppDelegate.swift in Sources */,
			);
			runOnlyForDeploymentPostprocessing = 0;
		};
		E1D4EDDA20EFC5730030EAB7 /* Sources */ = {
			isa = PBXSourcesBuildPhase;
			buildActionMask = 2147483647;
			files = (
				E1D4EDF720F06EC30030EAB7 /* Identiable.swift in Sources */,
				E1D4EDF120F068130030EAB7 /* DeviceSize.swift in Sources */,
				E1D4EDFA20F070E60030EAB7 /* UIViewControllerExtension.swift in Sources */,
				E1D4EDE320EFC5730030EAB7 /* PageView_with_ContainerUITests.swift in Sources */,
				E1D4EDF420F06D4A0030EAB7 /* LoadingViewController.swift in Sources */,
			);
			runOnlyForDeploymentPostprocessing = 0;
		};
/* End PBXSourcesBuildPhase section */

/* Begin PBXTargetDependency section */
		E1D4EDE020EFC5730030EAB7 /* PBXTargetDependency */ = {
			isa = PBXTargetDependency;
			target = E1D4EDC920EFC56E0030EAB7 /* PageView-with-Container */;
			targetProxy = E1D4EDDF20EFC5730030EAB7 /* PBXContainerItemProxy */;
		};
/* End PBXTargetDependency section */

/* Begin PBXVariantGroup section */
		E1D4EDD120EFC56E0030EAB7 /* Main.storyboard */ = {
			isa = PBXVariantGroup;
			children = (
				E1D4EDD220EFC56E0030EAB7 /* Base */,
			);
			name = Main.storyboard;
			sourceTree = "<group>";
		};
		E1D4EDD620EFC5720030EAB7 /* LaunchScreen.storyboard */ = {
			isa = PBXVariantGroup;
			children = (
				E1D4EDD720EFC5720030EAB7 /* Base */,
			);
			name = LaunchScreen.storyboard;
			sourceTree = "<group>";
		};
/* End PBXVariantGroup section */

/* Begin XCBuildConfiguration section */
		E1D4EDE520EFC5730030EAB7 /* Debug */ = {
			isa = XCBuildConfiguration;
			buildSettings = {
				ALWAYS_SEARCH_USER_PATHS = NO;
				CLANG_ANALYZER_NONNULL = YES;
				CLANG_ANALYZER_NUMBER_OBJECT_CONVERSION = YES_AGGRESSIVE;
				CLANG_CXX_LANGUAGE_STANDARD = "gnu++14";
				CLANG_CXX_LIBRARY = "libc++";
				CLANG_ENABLE_MODULES = YES;
				CLANG_ENABLE_OBJC_ARC = YES;
				CLANG_ENABLE_OBJC_WEAK = YES;
				CLANG_WARN_BLOCK_CAPTURE_AUTORELEASING = YES;
				CLANG_WARN_BOOL_CONVERSION = YES;
				CLANG_WARN_COMMA = YES;
				CLANG_WARN_CONSTANT_CONVERSION = YES;
				CLANG_WARN_DEPRECATED_OBJC_IMPLEMENTATIONS = YES;
				CLANG_WARN_DIRECT_OBJC_ISA_USAGE = YES_ERROR;
				CLANG_WARN_DOCUMENTATION_COMMENTS = YES;
				CLANG_WARN_EMPTY_BODY = YES;
				CLANG_WARN_ENUM_CONVERSION = YES;
				CLANG_WARN_INFINITE_RECURSION = YES;
				CLANG_WARN_INT_CONVERSION = YES;
				CLANG_WARN_NON_LITERAL_NULL_CONVERSION = YES;
				CLANG_WARN_OBJC_IMPLICIT_RETAIN_SELF = YES;
				CLANG_WARN_OBJC_LITERAL_CONVERSION = YES;
				CLANG_WARN_OBJC_ROOT_CLASS = YES_ERROR;
				CLANG_WARN_RANGE_LOOP_ANALYSIS = YES;
				CLANG_WARN_STRICT_PROTOTYPES = YES;
				CLANG_WARN_SUSPICIOUS_MOVE = YES;
				CLANG_WARN_UNGUARDED_AVAILABILITY = YES_AGGRESSIVE;
				CLANG_WARN_UNREACHABLE_CODE = YES;
				CLANG_WARN__DUPLICATE_METHOD_MATCH = YES;
				CODE_SIGN_IDENTITY = "iPhone Developer";
				COPY_PHASE_STRIP = NO;
				DEBUG_INFORMATION_FORMAT = dwarf;
				ENABLE_STRICT_OBJC_MSGSEND = YES;
				ENABLE_TESTABILITY = YES;
				GCC_C_LANGUAGE_STANDARD = gnu11;
				GCC_DYNAMIC_NO_PIC = NO;
				GCC_NO_COMMON_BLOCKS = YES;
				GCC_OPTIMIZATION_LEVEL = 0;
				GCC_PREPROCESSOR_DEFINITIONS = (
					"DEBUG=1",
					"$(inherited)",
				);
				GCC_WARN_64_TO_32_BIT_CONVERSION = YES;
				GCC_WARN_ABOUT_RETURN_TYPE = YES_ERROR;
				GCC_WARN_UNDECLARED_SELECTOR = YES;
				GCC_WARN_UNINITIALIZED_AUTOS = YES_AGGRESSIVE;
				GCC_WARN_UNUSED_FUNCTION = YES;
				GCC_WARN_UNUSED_VARIABLE = YES;
				IPHONEOS_DEPLOYMENT_TARGET = 9.0;
				MTL_ENABLE_DEBUG_INFO = YES;
				ONLY_ACTIVE_ARCH = YES;
				SDKROOT = iphoneos;
				SWIFT_ACTIVE_COMPILATION_CONDITIONS = DEBUG;
				SWIFT_OPTIMIZATION_LEVEL = "-Onone";
			};
			name = Debug;
		};
		E1D4EDE620EFC5730030EAB7 /* Release */ = {
			isa = XCBuildConfiguration;
			buildSettings = {
				ALWAYS_SEARCH_USER_PATHS = NO;
				CLANG_ANALYZER_NONNULL = YES;
				CLANG_ANALYZER_NUMBER_OBJECT_CONVERSION = YES_AGGRESSIVE;
				CLANG_CXX_LANGUAGE_STANDARD = "gnu++14";
				CLANG_CXX_LIBRARY = "libc++";
				CLANG_ENABLE_MODULES = YES;
				CLANG_ENABLE_OBJC_ARC = YES;
				CLANG_ENABLE_OBJC_WEAK = YES;
				CLANG_WARN_BLOCK_CAPTURE_AUTORELEASING = YES;
				CLANG_WARN_BOOL_CONVERSION = YES;
				CLANG_WARN_COMMA = YES;
				CLANG_WARN_CONSTANT_CONVERSION = YES;
				CLANG_WARN_DEPRECATED_OBJC_IMPLEMENTATIONS = YES;
				CLANG_WARN_DIRECT_OBJC_ISA_USAGE = YES_ERROR;
				CLANG_WARN_DOCUMENTATION_COMMENTS = YES;
				CLANG_WARN_EMPTY_BODY = YES;
				CLANG_WARN_ENUM_CONVERSION = YES;
				CLANG_WARN_INFINITE_RECURSION = YES;
				CLANG_WARN_INT_CONVERSION = YES;
				CLANG_WARN_NON_LITERAL_NULL_CONVERSION = YES;
				CLANG_WARN_OBJC_IMPLICIT_RETAIN_SELF = YES;
				CLANG_WARN_OBJC_LITERAL_CONVERSION = YES;
				CLANG_WARN_OBJC_ROOT_CLASS = YES_ERROR;
				CLANG_WARN_RANGE_LOOP_ANALYSIS = YES;
				CLANG_WARN_STRICT_PROTOTYPES = YES;
				CLANG_WARN_SUSPICIOUS_MOVE = YES;
				CLANG_WARN_UNGUARDED_AVAILABILITY = YES_AGGRESSIVE;
				CLANG_WARN_UNREACHABLE_CODE = YES;
				CLANG_WARN__DUPLICATE_METHOD_MATCH = YES;
				CODE_SIGN_IDENTITY = "iPhone Developer";
				COPY_PHASE_STRIP = NO;
				DEBUG_INFORMATION_FORMAT = "dwarf-with-dsym";
				ENABLE_NS_ASSERTIONS = NO;
				ENABLE_STRICT_OBJC_MSGSEND = YES;
				GCC_C_LANGUAGE_STANDARD = gnu11;
				GCC_NO_COMMON_BLOCKS = YES;
				GCC_WARN_64_TO_32_BIT_CONVERSION = YES;
				GCC_WARN_ABOUT_RETURN_TYPE = YES_ERROR;
				GCC_WARN_UNDECLARED_SELECTOR = YES;
				GCC_WARN_UNINITIALIZED_AUTOS = YES_AGGRESSIVE;
				GCC_WARN_UNUSED_FUNCTION = YES;
				GCC_WARN_UNUSED_VARIABLE = YES;
				IPHONEOS_DEPLOYMENT_TARGET = 9.0;
				MTL_ENABLE_DEBUG_INFO = NO;
				SDKROOT = iphoneos;
				SWIFT_COMPILATION_MODE = wholemodule;
				SWIFT_OPTIMIZATION_LEVEL = "-O";
				VALIDATE_PRODUCT = YES;
			};
			name = Release;
		};
		E1D4EDE820EFC5730030EAB7 /* Debug */ = {
			isa = XCBuildConfiguration;
			buildSettings = {
				ASSETCATALOG_COMPILER_APPICON_NAME = AppIcon;
				CODE_SIGN_IDENTITY = "iPhone Developer";
				CODE_SIGN_STYLE = Automatic;
				DEVELOPMENT_TEAM = "";
				INFOPLIST_FILE = "PageView-with-Container/Info.plist";
				IPHONEOS_DEPLOYMENT_TARGET = 9.0;
				LD_RUNPATH_SEARCH_PATHS = (
					"$(inherited)",
					"@executable_path/Frameworks",
				);
				PRODUCT_BUNDLE_IDENTIFIER = "jp.takumi.PageView-with-Container";
				PRODUCT_NAME = "$(TARGET_NAME)";
				PROVISIONING_PROFILE_SPECIFIER = "";
				SWIFT_VERSION = 4.0;
				TARGETED_DEVICE_FAMILY = "1,2";
			};
			name = Debug;
		};
		E1D4EDE920EFC5730030EAB7 /* Release */ = {
			isa = XCBuildConfiguration;
			buildSettings = {
				ASSETCATALOG_COMPILER_APPICON_NAME = AppIcon;
				CODE_SIGN_IDENTITY = "iPhone Developer";
				CODE_SIGN_STYLE = Automatic;
				DEVELOPMENT_TEAM = "";
				INFOPLIST_FILE = "PageView-with-Container/Info.plist";
				IPHONEOS_DEPLOYMENT_TARGET = 9.0;
				LD_RUNPATH_SEARCH_PATHS = (
					"$(inherited)",
					"@executable_path/Frameworks",
				);
				PRODUCT_BUNDLE_IDENTIFIER = "jp.takumi.PageView-with-Container";
				PRODUCT_NAME = "$(TARGET_NAME)";
				PROVISIONING_PROFILE_SPECIFIER = "";
				SWIFT_VERSION = 4.0;
				TARGETED_DEVICE_FAMILY = "1,2";
			};
			name = Release;
		};
		E1D4EDEB20EFC5730030EAB7 /* Debug */ = {
			isa = XCBuildConfiguration;
			buildSettings = {
				ALWAYS_EMBED_SWIFT_STANDARD_LIBRARIES = YES;
				CODE_SIGN_STYLE = Automatic;
				DEVELOPMENT_TEAM = 73CEKQYV9L;
				INFOPLIST_FILE = "PageView-with-ContainerUITests/Info.plist";
				LD_RUNPATH_SEARCH_PATHS = (
					"$(inherited)",
					"@executable_path/Frameworks",
					"@loader_path/Frameworks",
				);
				PRODUCT_BUNDLE_IDENTIFIER = "jp.takumi.PageView-with-ContainerUITests";
				PRODUCT_NAME = "$(TARGET_NAME)";
				SWIFT_VERSION = 4.0;
				TARGETED_DEVICE_FAMILY = "1,2";
				TEST_TARGET_NAME = "PageView-with-Container";
			};
			name = Debug;
		};
		E1D4EDEC20EFC5730030EAB7 /* Release */ = {
			isa = XCBuildConfiguration;
			buildSettings = {
				ALWAYS_EMBED_SWIFT_STANDARD_LIBRARIES = YES;
				CODE_SIGN_STYLE = Automatic;
				DEVELOPMENT_TEAM = 73CEKQYV9L;
				INFOPLIST_FILE = "PageView-with-ContainerUITests/Info.plist";
				LD_RUNPATH_SEARCH_PATHS = (
					"$(inherited)",
					"@executable_path/Frameworks",
					"@loader_path/Frameworks",
				);
				PRODUCT_BUNDLE_IDENTIFIER = "jp.takumi.PageView-with-ContainerUITests";
				PRODUCT_NAME = "$(TARGET_NAME)";
				SWIFT_VERSION = 4.0;
				TARGETED_DEVICE_FAMILY = "1,2";
				TEST_TARGET_NAME = "PageView-with-Container";
			};
			name = Release;
		};
/* End XCBuildConfiguration section */

/* Begin XCConfigurationList section */
		E1D4EDC520EFC56E0030EAB7 /* Build configuration list for PBXProject "PageView-with-Container" */ = {
			isa = XCConfigurationList;
			buildConfigurations = (
				E1D4EDE520EFC5730030EAB7 /* Debug */,
				E1D4EDE620EFC5730030EAB7 /* Release */,
			);
			defaultConfigurationIsVisible = 0;
			defaultConfigurationName = Release;
		};
		E1D4EDE720EFC5730030EAB7 /* Build configuration list for PBXNativeTarget "PageView-with-Container" */ = {
			isa = XCConfigurationList;
			buildConfigurations = (
				E1D4EDE820EFC5730030EAB7 /* Debug */,
				E1D4EDE920EFC5730030EAB7 /* Release */,
			);
			defaultConfigurationIsVisible = 0;
			defaultConfigurationName = Release;
		};
		E1D4EDEA20EFC5730030EAB7 /* Build configuration list for PBXNativeTarget "PageView-with-ContainerUITests" */ = {
			isa = XCConfigurationList;
			buildConfigurations = (
				E1D4EDEB20EFC5730030EAB7 /* Debug */,
				E1D4EDEC20EFC5730030EAB7 /* Release */,
			);
			defaultConfigurationIsVisible = 0;
			defaultConfigurationName = Release;
		};
/* End XCConfigurationList section */
	};
	rootObject = E1D4EDC220EFC56E0030EAB7 /* Project object */;
}
